
Microsoft Visual Studio Solution File, Format Version 12.00
# Visual Studio Version 17
VisualStudioVersion = 17.1.32319.34
MinimumVisualStudioVersion = 10.0.40219.1
Project("{FAE04EC0-301F-11D3-BF4B-00C04F79EFBC}") = "NET_SandboxExperiments", "NET_SandboxExperiments.csproj", "{51E56E80-F9C4-48D6-AF77-3337E92F22DE}"
EndProject
Global
	GlobalSection(SolutionConfigurationPlatforms) = preSolution
		Debug|Any CPU = Debug|Any CPU
		Release|Any CPU = Release|Any CPU
	EndGlobalSection
	GlobalSection(ProjectConfigurationPlatforms) = postSolution
		{51E56E80-F9C4-48D6-AF77-3337E92F22DE}.Debug|Any CPU.ActiveCfg = Debug|Any CPU
		{51E56E80-F9C4-48D6-AF77-3337E92F22DE}.Debug|Any CPU.Build.0 = Debug|Any CPU
		{51E56E80-F9C4-48D6-AF77-3337E92F22DE}.Release|Any CPU.ActiveCfg = Release|Any CPU
		{51E56E80-F9C4-48D6-AF77-3337E92F22DE}.Release|Any CPU.Build.0 = Release|Any CPU
	EndGlobalSection
	GlobalSection(SolutionProperties) = preSolution
		HideSolutionNode = FALSE
	EndGlobalSection
	GlobalSection(ExtensibilityGlobals) = postSolution
		SolutionGuid = {85274213-D006-430C-B51D-3D5D23DE5C1F}
	EndGlobalSection
EndGlobal
